
Microsoft Visual Studio Solution File, Format Version 12.00
# Visual Studio Version 16
VisualStudioVersion = 16.0.30503.244
MinimumVisualStudioVersion = 10.0.40219.1
Project("{FAE04EC0-301F-11D3-BF4B-00C04F79EFBC}") = "IdentityTutorial.Web", "IdentityTutorial.Web\IdentityTutorial.Web.csproj", "{026EEEA2-1CD5-44FD-BA51-88D061090C76}"
EndProject
Global
	GlobalSection(SolutionConfigurationPlatforms) = preSolution
		Debug|Any CPU = Debug|Any CPU
		Release|Any CPU = Release|Any CPU
	EndGlobalSection
	GlobalSection(ProjectConfigurationPlatforms) = postSolution
		{026EEEA2-1CD5-44FD-BA51-88D061090C76}.Debug|Any CPU.ActiveCfg = Debug|Any CPU
		{026EEEA2-1CD5-44FD-BA51-88D061090C76}.Debug|Any CPU.Build.0 = Debug|Any CPU
		{026EEEA2-1CD5-44FD-BA51-88D061090C76}.Release|Any CPU.ActiveCfg = Release|Any CPU
		{026EEEA2-1CD5-44FD-BA51-88D061090C76}.Release|Any CPU.Build.0 = Release|Any CPU
	EndGlobalSection
	GlobalSection(SolutionProperties) = preSolution
		HideSolutionNode = FALSE
	EndGlobalSection
	GlobalSection(ExtensibilityGlobals) = postSolution
		SolutionGuid = {3212598A-FE91-46A5-B623-9E2B32FB8793}
	EndGlobalSection
EndGlobal
